{
  "requires": true,
  "lockfileVersion": 1,
  "dependencies": {
    "bluebird": {
      "version": "3.5.2",
      "resolved": "https://registry.npmjs.org/bluebird/-/bluebird-3.5.2.tgz",
      "integrity": "sha512-dhHTWMI7kMx5whMQntl7Vr9C6BvV10lFXDAasnqnrMYhXVCzzk6IO9Fo2L75jXHT07WrOngL1WDXOp+yYS91Yg=="
    },
    "flow-bin": {
      "version": "0.50.0",
      "resolved": "https://registry.npmjs.org/flow-bin/-/flow-bin-0.50.0.tgz",
      "integrity": "sha1-1M2yQw3uGjWZ8Otv5VEUbjAnJWo="
    },
    "js-worker-search": {
      "version": "1.3.0",
      "resolved": "https://registry.npmjs.org/js-worker-search/-/js-worker-search-1.3.0.tgz",
      "integrity": "sha512-bHtMFO8+d3ykPyK3Hd0+O9mKT1IEFIfa2SV4jv7iFA1mIKTNmC25SvYmiRqXzVxIvtcURWrrazuEc9b2kzxZ4g==",
      "requires": {
        "flow-bin": "^0.50.0",
        "uuid": "^2.0.1"
      }
    },
    "uuid": {
      "version": "2.0.3",
      "resolved": "http://registry.npmjs.org/uuid/-/uuid-2.0.3.tgz",
      "integrity": "sha1-Z+LoY3lyFVMN/zGOW/nc6/1Hsho="
    },
    "vue-select": {
      "version": "2.5.1",
      "resolved": "https://registry.npmjs.org/vue-select/-/vue-select-2.5.1.tgz",
      "integrity": "sha512-Hs+arh7+0gLJoYiM3r9V/5CRn5XsAT8tVkouTkpDAWb923KFgraWrKDLSqz3ROedZUkuVIwkFuYq8+baHUf+bg=="
    },
    "vuex-search": {
      "version": "2.2.2",
      "resolved": "https://registry.npmjs.org/vuex-search/-/vuex-search-2.2.2.tgz",
      "integrity": "sha512-OJXAr1SKBGWBuuDDykJ0AdLlZbisWY6ABDk959T4baoZ1zFZ2/Qrjxih6Ah9i0APjgqCGVWtJujfGQB5z0Ufbw==",
      "requires": {
        "bluebird": "^3.5.1",
        "js-worker-search": "^1.2.1"
      }
    }
  }
}
